// !$*UTF8*$!
{
	archiveVersion = 1;
	classes = {
	};
	objectVersion = 77;
	objects = {

/* Begin PBXBuildFile section */
		E2B07FD3300B1FF900DED108 /* FirebaseCore in Frameworks */ = {isa = PBXBuildFile; productRef = E2B07FD2300B1FF900DED108 /* FirebaseCore */; };
		E2B07FD5300B200E00DED108 /* FirebaseFirestore in Frameworks */ = {isa = PBXBuildFile; productRef = E2B07FD4300B200E00DED108 /* FirebaseFirestore */; };
		E2B07FE8300B266100DED108 /* RtcBasic in Frameworks */ = {isa = PBXBuildFile; productRef = E2B07FE7300B266100DED108 /* RtcBasic */; };
		E2B0803A300B2DC300DED108 /* FirebaseStorage in Frameworks */ = {isa = PBXBuildFile; productRef = E2B08039300B2DC300DED108 /* FirebaseStorage */; };
/* End PBXBuildFile section */

/* Begin PBXContainerItemProxy section */
		E2B07F9E300B165800DED108 /* PBXContainerItemProxy */ = {
			isa = PBXContainerItemProxy;
			containerPortal = E2B07F86300B165600DED108 /* Project object */;
			proxyType = 1;
			remoteGlobalIDString = E2B07F8D300B165600DED108;
			remoteInfo = checkpoint;
		};
		E2B07FA8300B165800DED108 /* PBXContainerItemProxy */ = {
			isa = PBXContainerItemProxy;
			containerPortal = E2B07F86300B165600DED108 /* Project object */;
			proxyType = 1;
			remoteGlobalIDString = E2B07F8D300B165600DED108;
			remoteInfo = checkpoint;
		};
/* End PBXContainerItemProxy section */

/* Begin PBXFileReference section */
		E2B07F8E300B165600DED108 /* checkpoint.app */ = {isa = PBXFileReference; explicitFileType = wrapper.application; includeInIndex = 0; path = checkpoint.app; sourceTree = BUILT_PRODUCTS_DIR; };
		E2B07F9D300B165800DED108 /* checkpointTests.xctest */ = {isa = PBXFileReference; explicitFileType = wrapper.cfbundle; includeInIndex = 0; path = checkpointTests.xctest; sourceTree = BUILT_PRODUCTS_DIR; };
		E2B07FA7300B165800DED108 /* checkpointUITests.xctest */ = {isa = PBXFileReference; explicitFileType = wrapper.cfbundle; includeInIndex = 0; path = checkpointUITests.xctest; sourceTree = BUILT_PRODUCTS_DIR; };
/* End PBXFileReference section */

/* Begin PBXFileSystemSynchronizedRootGroup section */
		E2B07F90300B165600DED108 /* checkpoint */ = {
			isa = PBXFileSystemSynchronizedRootGroup;
			path = checkpoint;
			sourceTree = "<group>";
		};
		E2B07FA0300B165800DED108 /* checkpointTests */ = {
			isa = PBXFileSystemSynchronizedRootGroup;
			path = checkpointTests;
			sourceTree = "<group>";
		};
		E2B07FAA300B165800DED108 /* checkpointUITests */ = {
			isa = PBXFileSystemSynchronizedRootGroup;
			path = checkpointUITests;
			sourceTree = "<group>";
		};
/* End PBXFileSystemSynchronizedRootGroup section */

/* Begin PBXFrameworksBuildPhase section */
		E2B07F8B300B165600DED108 /* Frameworks */ = {
			isa = PBXFrameworksBuildPhase;
			buildActionMask = 2147483647;
			files = (
				E2B07FD3300B1FF900DED108 /* FirebaseCore in Frameworks */,
				E2B0803A300B2DC300DED108 /* FirebaseStorage in Frameworks */,
				E2B07FD5300B200E00DED108 /* FirebaseFirestore in Frameworks */,
				E2B07FE8300B266100DED108 /* RtcBasic in Frameworks */,
			);
			runOnlyForDeploymentPostprocessing = 0;
		};
		E2B07F9A300B165800DED108 /* Frameworks */ = {
			isa = PBXFrameworksBuildPhase;
			buildActionMask = 2147483647;
			files = (
			);
			runOnlyForDeploymentPostprocessing = 0;
		};
		E2B07FA4300B165800DED108 /* Frameworks */ = {
			isa = PBXFrameworksBuildPhase;
			buildActionMask = 2147483647;
			files = (
			);
			runOnlyForDeploymentPostprocessing = 0;
		};
/* End PBXFrameworksBuildPhase section */

/* Begin PBXGroup section */
		E2B07F85300B165600DED108 = {
			isa = PBXGroup;
			children = (
				E2B07F90300B165600DED108 /* checkpoint */,
				E2B07FA0300B165800DED108 /* checkpointTests */,
				E2B07FAA300B165800DED108 /* checkpointUITests */,
				E2B07FD1300B1FF900DED108 /* Frameworks */,
				E2B07F8F300B165600DED108 /* Products */,
			);
			sourceTree = "<group>";
		};
		E2B07F8F300B165600DED108 /* Products */ = {
			isa = PBXGroup;
			children = (
				E2B07F8E300B165600DED108 /* checkpoint.app */,
				E2B07F9D300B165800DED108 /* checkpointTests.xctest */,
				E2B07FA7300B165800DED108 /* checkpointUITests.xctest */,
			);
			name = Products;
			sourceTree = "<group>";
		};
		E2B07FD1300B1FF900DED108 /* Frameworks */ = {
			isa = PBXGroup;
			children = (
			);
			name = Frameworks;
			sourceTree = "<group>";
		};
/* End PBXGroup section */

/* Begin PBXNativeTarget section */
		E2B07F8D300B165600DED108 /* checkpoint */ = {
			isa = PBXNativeTarget;
			buildConfigurationList = E2B07FB1300B165800DED108 /* Build configuration list for PBXNativeTarget "checkpoint" */;
			buildPhases = (
				E2B07F8A300B165600DED108 /* Sources */,
				E2B07F8B300B165600DED108 /* Frameworks */,
				E2B07F8C300B165600DED108 /* Resources */,
			);
			buildRules = (
			);
			dependencies = (
			);
			fileSystemSynchronizedGroups = (
				E2B07F90300B165600DED108 /* checkpoint */,
			);
			name = checkpoint;
			packageProductDependencies = (
				E2B07FD2300B1FF900DED108 /* FirebaseCore */,
				E2B07FD4300B200E00DED108 /* FirebaseFirestore */,
				E2B07FE7300B266100DED108 /* RtcBasic */,
				E2B08039300B2DC300DED108 /* FirebaseStorage */,
			);
			productName = checkpoint;
			productReference = E2B07F8E300B165600DED108 /* checkpoint.app */;
			productType = "com.apple.product-type.application";
		};
		E2B07F9C300B165800DED108 /* checkpointTests */ = {
			isa = PBXNativeTarget;
			buildConfigurationList = E2B07FB4300B165800DED108 /* Build configuration list for PBXNativeTarget "checkpointTests" */;
			buildPhases = (
				E2B07F99300B165800DED108 /* Sources */,
				E2B07F9A300B165800DED108 /* Frameworks */,
				E2B07F9B300B165800DED108 /* Resources */,
			);
			buildRules = (
			);
			dependencies = (
				E2B07F9F300B165800DED108 /* PBXTargetDependency */,
			);
			fileSystemSynchronizedGroups = (
				E2B07FA0300B165800DED108 /* checkpointTests */,
			);
			name = checkpointTests;
			packageProductDependencies = (
			);
			productName = checkpointTests;
			productReference = E2B07F9D300B165800DED108 /* checkpointTests.xctest */;
			productType = "com.apple.product-type.bundle.unit-test";
		};
		E2B07FA6300B165800DED108 /* checkpointUITests */ = {
			isa = PBXNativeTarget;
			buildConfigurationList = E2B07FB7300B165800DED108 /* Build configuration list for PBXNativeTarget "checkpointUITests" */;
			buildPhases = (
				E2B07FA3300B165800DED108 /* Sources */,
				E2B07FA4300B165800DED108 /* Frameworks */,
				E2B07FA5300B165800DED108 /* Resources */,
			);
			buildRules = (
			);
			dependencies = (
				E2B07FA9300B165800DED108 /* PBXTargetDependency */,
			);
			fileSystemSynchronizedGroups = (
				E2B07FAA300B165800DED108 /* checkpointUITests */,
			);
			name = checkpointUITests;
			packageProductDependencies = (
			);
			productName = checkpointUITests;
			productReference = E2B07FA7300B165800DED108 /* checkpointUITests.xctest */;
			productType = "com.apple.product-type.bundle.ui-testing";
		};
/* End PBXNativeTarget section */

/* Begin PBXProject section */
		E2B07F86300B165600DED108 /* Project object */ = {
			isa = PBXProject;
			attributes = {
				BuildIndependentTargetsInParallel = 1;
				LastSwiftUpdateCheck = 2660;
				LastUpgradeCheck = 2660;
				TargetAttributes = {
					E2B07F8D300B165600DED108 = {
						CreatedOnToolsVersion = 26.6;
					};
					E2B07F9C300B165800DED108 = {
						CreatedOnToolsVersion = 26.6;
						TestTargetID = E2B07F8D300B165600DED108;
					};
					E2B07FA6300B165800DED108 = {
						CreatedOnToolsVersion = 26.6;
						TestTargetID = E2B07F8D300B165600DED108;
					};
				};
			};
			buildConfigurationList = E2B07F89300B165600DED108 /* Build configuration list for PBXProject "checkpoint" */;
			developmentRegion = en;
			hasScannedForEncodings = 0;
			knownRegions = (
				en,
				Base,
			);
			mainGroup = E2B07F85300B165600DED108;
			minimizedProjectReferenceProxies = 1;
			packageReferences = (
				E2B07FD0300B1FA500DED108 /* XCRemoteSwiftPackageReference "firebase-ios-sdk" */,
				E2B07FE6300B264900DED108 /* XCRemoteSwiftPackageReference "AgoraRtcEngine_iOS" */,
			);
			preferredProjectObjectVersion = 77;
			productRefGroup = E2B07F8F300B165600DED108 /* Products */;
			projectDirPath = "";
			projectRoot = "";
			targets = (
				E2B07F8D300B165600DED108 /* checkpoint */,
				E2B07F9C300B165800DED108 /* checkpointTests */,
				E2B07FA6300B165800DED108 /* checkpointUITests */,
			);
		};
/* End PBXProject section */

/* Begin PBXResourcesBuildPhase section */
		E2B07F8C300B165600DED108 /* Resources */ = {
			isa = PBXResourcesBuildPhase;
			buildActionMask = 2147483647;
			files = (
			);
			runOnlyForDeploymentPostprocessing = 0;
		};
		E2B07F9B300B165800DED108 /* Resources */ = {
			isa = PBXResourcesBuildPhase;
			buildActionMask = 2147483647;
			files = (
			);
			runOnlyForDeploymentPostprocessing = 0;
		};
		E2B07FA5300B165800DED108 /* Resources */ = {
			isa = PBXResourcesBuildPhase;
			buildActionMask = 2147483647;
			files = (
			);
			runOnlyForDeploymentPostprocessing = 0;
		};
/* End PBXResourcesBuildPhase section */

/* Begin PBXSourcesBuildPhase section */
		E2B07F8A300B165600DED108 /* Sources */ = {
			isa = PBXSourcesBuildPhase;
			buildActionMask = 2147483647;
			files = (
			);
			runOnlyForDeploymentPostprocessing = 0;
		};
		E2B07F99300B165800DED108 /* Sources */ = {
			isa = PBXSourcesBuildPhase;
			buildActionMask = 2147483647;
			files = (
			);
			runOnlyForDeploymentPostprocessing = 0;
		};
		E2B07FA3300B165800DED108 /* Sources */ = {
			isa = PBXSourcesBuildPhase;
			buildActionMask = 2147483647;
			files = (
			);
			runOnlyForDeploymentPostprocessing = 0;
		};
/* End PBXSourcesBuildPhase section */

/* Begin PBXTargetDependency section */
		E2B07F9F300B165800DED108 /* PBXTargetDependency */ = {
			isa = PBXTargetDependency;
			target = E2B07F8D300B165600DED108 /* checkpoint */;
			targetProxy = E2B07F9E300B165800DED108 /* PBXContainerItemProxy */;
		};
		E2B07FA9300B165800DED108 /* PBXTargetDependency */ = {
			isa = PBXTargetDependency;
			target = E2B07F8D300B165600DED108 /* checkpoint */;
			targetProxy = E2B07FA8300B165800DED108 /* PBXContainerItemProxy */;
		};
/* End PBXTargetDependency section */

/* Begin XCBuildConfiguration section */
		E2B07FAF300B165800DED108 /* Debug */ = {
			isa = XCBuildConfiguration;
			buildSettings = {
				ALWAYS_SEARCH_USER_PATHS = NO;
				ASSETCATALOG_COMPILER_GENERATE_SWIFT_ASSET_SYMBOL_EXTENSIONS = YES;
				CLANG_ANALYZER_NONNULL = YES;
				CLANG_ANALYZER_NUMBER_OBJECT_CONVERSION = YES_AGGRESSIVE;
				CLANG_CXX_LANGUAGE_STANDARD = "gnu++20";
				CLANG_ENABLE_MODULES = YES;
				CLANG_ENABLE_OBJC_ARC = YES;
				CLANG_ENABLE_OBJC_WEAK = YES;
				CLANG_WARN_BLOCK_CAPTURE_AUTORELEASING = YES;
				CLANG_WARN_BOOL_CONVERSION = YES;
				CLANG_WARN_COMMA = YES;
				CLANG_WARN_CONSTANT_CONVERSION = YES;
				CLANG_WARN_DEPRECATED_OBJC_IMPLEMENTATIONS = YES;
				CLANG_WARN_DIRECT_OBJC_ISA_USAGE = YES_ERROR;
				CLANG_WARN_DOCUMENTATION_COMMENTS = YES;
				CLANG_WARN_EMPTY_BODY = YES;
				CLANG_WARN_ENUM_CONVERSION = YES;
				CLANG_WARN_INFINITE_RECURSION = YES;
				CLANG_WARN_INT_CONVERSION = YES;
				CLANG_WARN_NON_LITERAL_NULL_CONVERSION = YES;
				CLANG_WARN_OBJC_IMPLICIT_RETAIN_SELF = YES;
				CLANG_WARN_OBJC_LITERAL_CONVERSION = YES;
				CLANG_WARN_OBJC_ROOT_CLASS = YES_ERROR;
				CLANG_WARN_QUOTED_INCLUDE_IN_FRAMEWORK_HEADER = YES;
				CLANG_WARN_RANGE_LOOP_ANALYSIS = YES;
				CLANG_WARN_STRICT_PROTOTYPES = YES;
				CLANG_WARN_SUSPICIOUS_MOVE = YES;
				CLANG_WARN_UNGUARDED_AVAILABILITY = YES_AGGRESSIVE;
				CLANG_WARN_UNREACHABLE_CODE = YES;
				CLANG_WARN__DUPLICATE_METHOD_MATCH = YES;
				COPY_PHASE_STRIP = NO;
				DEBUG_INFORMATION_FORMAT = dwarf;
				DEVELOPMENT_TEAM = NSL86F37B9;
				ENABLE_STRICT_OBJC_MSGSEND = YES;
				ENABLE_TESTABILITY = YES;
				ENABLE_USER_SCRIPT_SANDBOXING = YES;
				GCC_C_LANGUAGE_STANDARD = gnu17;
				GCC_DYNAMIC_NO_PIC = NO;
				GCC_NO_COMMON_BLOCKS = YES;
				GCC_OPTIMIZATION_LEVEL = 0;
				GCC_PREPROCESSOR_DEFINITIONS = (
					"DEBUG=1",
					"$(inherited)",
				);
				GCC_WARN_64_TO_32_BIT_CONVERSION = YES;
				GCC_WARN_ABOUT_RETURN_TYPE = YES_ERROR;
				GCC_WARN_UNDECLARED_SELECTOR = YES;
				GCC_WARN_UNINITIALIZED_AUTOS = YES_AGGRESSIVE;
				GCC_WARN_UNUSED_FUNCTION = YES;
				GCC_WARN_UNUSED_VARIABLE = YES;
				IPHONEOS_DEPLOYMENT_TARGET = 26.5;
				LOCALIZATION_PREFERS_STRING_CATALOGS = YES;
				MTL_ENABLE_DEBUG_INFO = INCLUDE_SOURCE;
				MTL_FAST_MATH = YES;
				ONLY_ACTIVE_ARCH = YES;
				SDKROOT = iphoneos;
				SWIFT_ACTIVE_COMPILATION_CONDITIONS = "DEBUG $(inherited)";
				SWIFT_OPTIMIZATION_LEVEL = "-Onone";
			};
			name = Debug;
		};
		E2B07FB0300B165800DED108 /* Release */ = {
			isa = XCBuildConfiguration;
			buildSettings = {
				ALWAYS_SEARCH_USER_PATHS = NO;
				ASSETCATALOG_COMPILER_GENERATE_SWIFT_ASSET_SYMBOL_EXTENSIONS = YES;
				CLANG_ANALYZER_NONNULL = YES;
				CLANG_ANALYZER_NUMBER_OBJECT_CONVERSION = YES_AGGRESSIVE;
				CLANG_CXX_LANGUAGE_STANDARD = "gnu++20";
				CLANG_ENABLE_MODULES = YES;
				CLANG_ENABLE_OBJC_ARC = YES;
				CLANG_ENABLE_OBJC_WEAK = YES;
				CLANG_WARN_BLOCK_CAPTURE_AUTORELEASING = YES;
				CLANG_WARN_BOOL_CONVERSION = YES;
				CLANG_WARN_COMMA = YES;
				CLANG_WARN_CONSTANT_CONVERSION = YES;
				CLANG_WARN_DEPRECATED_OBJC_IMPLEMENTATIONS = YES;
				CLANG_WARN_DIRECT_OBJC_ISA_USAGE = YES_ERROR;
				CLANG_WARN_DOCUMENTATION_COMMENTS = YES;
				CLANG_WARN_EMPTY_BODY = YES;
				CLANG_WARN_ENUM_CONVERSION = YES;
				CLANG_WARN_INFINITE_RECURSION = YES;
				CLANG_WARN_INT_CONVERSION = YES;
				CLANG_WARN_NON_LITERAL_NULL_CONVERSION = YES;
				CLANG_WARN_OBJC_IMPLICIT_RETAIN_SELF = YES;
				CLANG_WARN_OBJC_LITERAL_CONVERSION = YES;
				CLANG_WARN_OBJC_ROOT_CLASS = YES_ERROR;
				CLANG_WARN_QUOTED_INCLUDE_IN_FRAMEWORK_HEADER = YES;
				CLANG_WARN_RANGE_LOOP_ANALYSIS = YES;
				CLANG_WARN_STRICT_PROTOTYPES = YES;
				CLANG_WARN_SUSPICIOUS_MOVE = YES;
				CLANG_WARN_UNGUARDED_AVAILABILITY = YES_AGGRESSIVE;
				CLANG_WARN_UNREACHABLE_CODE = YES;
				CLANG_WARN__DUPLICATE_METHOD_MATCH = YES;
				COPY_PHASE_STRIP = NO;
				DEBUG_INFORMATION_FORMAT = "dwarf-with-dsym";
				DEVELOPMENT_TEAM = NSL86F37B9;
				ENABLE_NS_ASSERTIONS = NO;
				ENABLE_STRICT_OBJC_MSGSEND = YES;
				ENABLE_USER_SCRIPT_SANDBOXING = YES;
				GCC_C_LANGUAGE_STANDARD = gnu17;
				GCC_NO_COMMON_BLOCKS = YES;
				GCC_WARN_64_TO_32_BIT_CONVERSION = YES;
				GCC_WARN_ABOUT_RETURN_TYPE = YES_ERROR;
				GCC_WARN_UNDECLARED_SELECTOR = YES;
				GCC_WARN_UNINITIALIZED_AUTOS = YES_AGGRESSIVE;
				GCC_WARN_UNUSED_FUNCTION = YES;
				GCC_WARN_UNUSED_VARIABLE = YES;
				IPHONEOS_DEPLOYMENT_TARGET = 26.5;
				LOCALIZATION_PREFERS_STRING_CATALOGS = YES;
				MTL_ENABLE_DEBUG_INFO = NO;
				MTL_FAST_MATH = YES;
				SDKROOT = iphoneos;
				SWIFT_COMPILATION_MODE = wholemodule;
				VALIDATE_PRODUCT = YES;
			};
			name = Release;
		};
		E2B07FB2300B165800DED108 /* Debug */ = {
			isa = XCBuildConfiguration;
			buildSettings = {
				ASSETCATALOG_COMPILER_APPICON_NAME = AppIcon;
				ASSETCATALOG_COMPILER_GLOBAL_ACCENT_COLOR_NAME = AccentColor;
				CODE_SIGN_STYLE = Automatic;
				CURRENT_PROJECT_VERSION = 1;
				DEVELOPMENT_TEAM = NSL86F37B9;
				ENABLE_PREVIEWS = YES;
				GENERATE_INFOPLIST_FILE = YES;
				INFOPLIST_KEY_NSCameraUsageDescription = "checkpoint uses the camera to stream live video during an emergency.";
				INFOPLIST_KEY_NSLocationWhenInUseUsageDescription = "checkpoint shares your location with your friends during an emergency.";
				INFOPLIST_KEY_NSMicrophoneUsageDescription = "checkpoint uses the microphone to stream live audio during an emergency.";
				INFOPLIST_KEY_NSPhotoLibraryUsageDescription = "checkpoint lets you set a profile photo from your library.";
				INFOPLIST_KEY_UIApplicationSceneManifest_Generation = YES;
				INFOPLIST_KEY_UIApplicationSupportsIndirectInputEvents = YES;
				INFOPLIST_KEY_UILaunchScreen_Generation = YES;
				INFOPLIST_KEY_UISupportedInterfaceOrientations_iPad = "UIInterfaceOrientationPortrait UIInterfaceOrientationPortraitUpsideDown UIInterfaceOrientationLandscapeLeft UIInterfaceOrientationLandscapeRight";
				INFOPLIST_KEY_UISupportedInterfaceOrientations_iPhone = "UIInterfaceOrientationPortrait UIInterfaceOrientationLandscapeLeft UIInterfaceOrientationLandscapeRight";
				LD_RUNPATH_SEARCH_PATHS = (
					"$(inherited)",
					"@executable_path/Frameworks",
				);
				MARKETING_VERSION = 1.0;
				PRODUCT_BUNDLE_IDENTIFIER = com.evanyan.checkpoint;
				PRODUCT_NAME = "$(TARGET_NAME)";
				STRING_CATALOG_GENERATE_SYMBOLS = YES;
				SWIFT_APPROACHABLE_CONCURRENCY = YES;
				SWIFT_DEFAULT_ACTOR_ISOLATION = MainActor;
				SWIFT_EMIT_LOC_STRINGS = YES;
				SWIFT_UPCOMING_FEATURE_MEMBER_IMPORT_VISIBILITY = YES;
				SWIFT_VERSION = 5.0;
				TARGETED_DEVICE_FAMILY = "1,2";
			};
			name = Debug;
		};
		E2B07FB3300B165800DED108 /* Release */ = {
			isa = XCBuildConfiguration;
			buildSettings = {
				ASSETCATALOG_COMPILER_APPICON_NAME = AppIcon;
				ASSETCATALOG_COMPILER_GLOBAL_ACCENT_COLOR_NAME = AccentColor;
				CODE_SIGN_STYLE = Automatic;
				CURRENT_PROJECT_VERSION = 1;
				DEVELOPMENT_TEAM = NSL86F37B9;
				ENABLE_PREVIEWS = YES;
				GENERATE_INFOPLIST_FILE = YES;
				INFOPLIST_KEY_NSCameraUsageDescription = "checkpoint uses the camera to stream live video during an emergency.";
				INFOPLIST_KEY_NSLocationWhenInUseUsageDescription = "checkpoint shares your location with your friends during an emergency.";
				INFOPLIST_KEY_NSMicrophoneUsageDescription = "checkpoint uses the microphone to stream live audio during an emergency.";
				INFOPLIST_KEY_NSPhotoLibraryUsageDescription = "checkpoint lets you set a profile photo from your library.";
				INFOPLIST_KEY_UIApplicationSceneManifest_Generation = YES;
				INFOPLIST_KEY_UIApplicationSupportsIndirectInputEvents = YES;
				INFOPLIST_KEY_UILaunchScreen_Generation = YES;
				INFOPLIST_KEY_UISupportedInterfaceOrientations_iPad = "UIInterfaceOrientationPortrait UIInterfaceOrientationPortraitUpsideDown UIInterfaceOrientationLandscapeLeft UIInterfaceOrientationLandscapeRight";
				INFOPLIST_KEY_UISupportedInterfaceOrientations_iPhone = "UIInterfaceOrientationPortrait UIInterfaceOrientationLandscapeLeft UIInterfaceOrientationLandscapeRight";
				LD_RUNPATH_SEARCH_PATHS = (
					"$(inherited)",
					"@executable_path/Frameworks",
				);
				MARKETING_VERSION = 1.0;
				PRODUCT_BUNDLE_IDENTIFIER = com.evanyan.checkpoint;
				PRODUCT_NAME = "$(TARGET_NAME)";
				STRING_CATALOG_GENERATE_SYMBOLS = YES;
				SWIFT_APPROACHABLE_CONCURRENCY = YES;
				SWIFT_DEFAULT_ACTOR_ISOLATION = MainActor;
				SWIFT_EMIT_LOC_STRINGS = YES;
				SWIFT_UPCOMING_FEATURE_MEMBER_IMPORT_VISIBILITY = YES;
				SWIFT_VERSION = 5.0;
				TARGETED_DEVICE_FAMILY = "1,2";
			};
			name = Release;
		};
		E2B07FB5300B165800DED108 /* Debug */ = {
			isa = XCBuildConfiguration;
			buildSettings = {
				BUNDLE_LOADER = "$(TEST_HOST)";
				CODE_SIGN_STYLE = Automatic;
				CURRENT_PROJECT_VERSION = 1;
				DEVELOPMENT_TEAM = NSL86F37B9;
				GENERATE_INFOPLIST_FILE = YES;
				IPHONEOS_DEPLOYMENT_TARGET = 26.5;
				MARKETING_VERSION = 1.0;
				PRODUCT_BUNDLE_IDENTIFIER = com.evanyan.checkpointTests;
				PRODUCT_NAME = "$(TARGET_NAME)";
				STRING_CATALOG_GENERATE_SYMBOLS = NO;
				SWIFT_APPROACHABLE_CONCURRENCY = YES;
				SWIFT_EMIT_LOC_STRINGS = NO;
				SWIFT_UPCOMING_FEATURE_MEMBER_IMPORT_VISIBILITY = YES;
				SWIFT_VERSION = 5.0;
				TARGETED_DEVICE_FAMILY = "1,2";
				TEST_HOST = "$(BUILT_PRODUCTS_DIR)/checkpoint.app/$(BUNDLE_EXECUTABLE_FOLDER_PATH)/checkpoint";
			};
			name = Debug;
		};
		E2B07FB6300B165800DED108 /* Release */ = {
			isa = XCBuildConfiguration;
			buildSettings = {
				BUNDLE_LOADER = "$(TEST_HOST)";
				CODE_SIGN_STYLE = Automatic;
				CURRENT_PROJECT_VERSION = 1;
				DEVELOPMENT_TEAM = NSL86F37B9;
				GENERATE_INFOPLIST_FILE = YES;
				IPHONEOS_DEPLOYMENT_TARGET = 26.5;
				MARKETING_VERSION = 1.0;
				PRODUCT_BUNDLE_IDENTIFIER = com.evanyan.checkpointTests;
				PRODUCT_NAME = "$(TARGET_NAME)";
				STRING_CATALOG_GENERATE_SYMBOLS = NO;
				SWIFT_APPROACHABLE_CONCURRENCY = YES;
				SWIFT_EMIT_LOC_STRINGS = NO;
				SWIFT_UPCOMING_FEATURE_MEMBER_IMPORT_VISIBILITY = YES;
				SWIFT_VERSION = 5.0;
				TARGETED_DEVICE_FAMILY = "1,2";
				TEST_HOST = "$(BUILT_PRODUCTS_DIR)/checkpoint.app/$(BUNDLE_EXECUTABLE_FOLDER_PATH)/checkpoint";
			};
			name = Release;
		};
		E2B07FB8300B165800DED108 /* Debug */ = {
			isa = XCBuildConfiguration;
			buildSettings = {
				CODE_SIGN_STYLE = Automatic;
				CURRENT_PROJECT_VERSION = 1;
				DEVELOPMENT_TEAM = NSL86F37B9;
				GENERATE_INFOPLIST_FILE = YES;
				MARKETING_VERSION = 1.0;
				PRODUCT_BUNDLE_IDENTIFIER = com.evanyan.checkpointUITests;
				PRODUCT_NAME = "$(TARGET_NAME)";
				STRING_CATALOG_GENERATE_SYMBOLS = NO;
				SWIFT_APPROACHABLE_CONCURRENCY = YES;
				SWIFT_EMIT_LOC_STRINGS = NO;
				SWIFT_UPCOMING_FEATURE_MEMBER_IMPORT_VISIBILITY = YES;
				SWIFT_VERSION = 5.0;
				TARGETED_DEVICE_FAMILY = "1,2";
				TEST_TARGET_NAME = checkpoint;
			};
			name = Debug;
		};
		E2B07FB9300B165800DED108 /* Release */ = {
			isa = XCBuildConfiguration;
			buildSettings = {
				CODE_SIGN_STYLE = Automatic;
				CURRENT_PROJECT_VERSION = 1;
				DEVELOPMENT_TEAM = NSL86F37B9;
				GENERATE_INFOPLIST_FILE = YES;
				MARKETING_VERSION = 1.0;
				PRODUCT_BUNDLE_IDENTIFIER = com.evanyan.checkpointUITests;
				PRODUCT_NAME = "$(TARGET_NAME)";
				STRING_CATALOG_GENERATE_SYMBOLS = NO;
				SWIFT_APPROACHABLE_CONCURRENCY = YES;
				SWIFT_EMIT_LOC_STRINGS = NO;
				SWIFT_UPCOMING_FEATURE_MEMBER_IMPORT_VISIBILITY = YES;
				SWIFT_VERSION = 5.0;
				TARGETED_DEVICE_FAMILY = "1,2";
				TEST_TARGET_NAME = checkpoint;
			};
			name = Release;
		};
/* End XCBuildConfiguration section */

/* Begin XCConfigurationList section */
		E2B07F89300B165600DED108 /* Build configuration list for PBXProject "checkpoint" */ = {
			isa = XCConfigurationList;
			buildConfigurations = (
				E2B07FAF300B165800DED108 /* Debug */,
				E2B07FB0300B165800DED108 /* Release */,
			);
			defaultConfigurationIsVisible = 0;
			defaultConfigurationName = Release;
		};
		E2B07FB1300B165800DED108 /* Build configuration list for PBXNativeTarget "checkpoint" */ = {
			isa = XCConfigurationList;
			buildConfigurations = (
				E2B07FB2300B165800DED108 /* Debug */,
				E2B07FB3300B165800DED108 /* Release */,
			);
			defaultConfigurationIsVisible = 0;
			defaultConfigurationName = Release;
		};
		E2B07FB4300B165800DED108 /* Build configuration list for PBXNativeTarget "checkpointTests" */ = {
			isa = XCConfigurationList;
			buildConfigurations = (
				E2B07FB5300B165800DED108 /* Debug */,
				E2B07FB6300B165800DED108 /* Release */,
			);
			defaultConfigurationIsVisible = 0;
			defaultConfigurationName = Release;
		};
		E2B07FB7300B165800DED108 /* Build configuration list for PBXNativeTarget "checkpointUITests" */ = {
			isa = XCConfigurationList;
			buildConfigurations = (
				E2B07FB8300B165800DED108 /* Debug */,
				E2B07FB9300B165800DED108 /* Release */,
			);
			defaultConfigurationIsVisible = 0;
			defaultConfigurationName = Release;
		};
/* End XCConfigurationList section */

/* Begin XCRemoteSwiftPackageReference section */
		E2B07FD0300B1FA500DED108 /* XCRemoteSwiftPackageReference "firebase-ios-sdk" */ = {
			isa = XCRemoteSwiftPackageReference;
			repositoryURL = "https://github.com/firebase/firebase-ios-sdk";
			requirement = {
				kind = upToNextMajorVersion;
				minimumVersion = 12.16.0;
			};
		};
		E2B07FE6300B264900DED108 /* XCRemoteSwiftPackageReference "AgoraRtcEngine_iOS" */ = {
			isa = XCRemoteSwiftPackageReference;
			repositoryURL = "https://github.com/AgoraIO/AgoraRtcEngine_iOS";
			requirement = {
				kind = upToNextMajorVersion;
				minimumVersion = 4.6.2;
			};
		};
/* End XCRemoteSwiftPackageReference section */

/* Begin XCSwiftPackageProductDependency section */
		E2B07FD2300B1FF900DED108 /* FirebaseCore */ = {
			isa = XCSwiftPackageProductDependency;
			package = E2B07FD0300B1FA500DED108 /* XCRemoteSwiftPackageReference "firebase-ios-sdk" */;
			productName = FirebaseCore;
		};
		E2B07FD4300B200E00DED108 /* FirebaseFirestore */ = {
			isa = XCSwiftPackageProductDependency;
			package = E2B07FD0300B1FA500DED108 /* XCRemoteSwiftPackageReference "firebase-ios-sdk" */;
			productName = FirebaseFirestore;
		};
		E2B07FE7300B266100DED108 /* RtcBasic */ = {
			isa = XCSwiftPackageProductDependency;
			package = E2B07FE6300B264900DED108 /* XCRemoteSwiftPackageReference "AgoraRtcEngine_iOS" */;
			productName = RtcBasic;
		};
		E2B08039300B2DC300DED108 /* FirebaseStorage */ = {
			isa = XCSwiftPackageProductDependency;
			package = E2B07FD0300B1FA500DED108 /* XCRemoteSwiftPackageReference "firebase-ios-sdk" */;
			productName = FirebaseStorage;
		};
/* End XCSwiftPackageProductDependency section */
	};
	rootObject = E2B07F86300B165600DED108 /* Project object */;
}
